<?xml version="1.0" encoding="utf-8"?>
<Project ToolsVersion="4.0" xmlns="http://schemas.microsoft.com/developer/msbuild/2003">
  <ItemGroup>
    <FxCompile Include="resources\shaders\Object3D.PS.hlsl" />
    <FxCompile Include="resources\shaders\Object3D.VS.hlsl" />
    <FxCompile Include="resources\shaders\Particle.PS.hlsl" />
    <FxCompile Include="resources\shaders\Particle.VS.hlsl" />
  </ItemGroup>
  <ItemGroup>
    <ClCompile Include="engine\base\D3DResourceLeadChecker.cpp" />
    <ClCompile Include="engine\base\DirectXCommon.cpp" />
    <ClCompile Include="engine\io\Input.cpp" />
    <ClCompile Include="engine\utility\Logger.cpp" />
    <ClCompile Include="main.cpp" />
    <ClCompile Include="engine\math\Math.cpp" />
    <ClCompile Include="engine\2d\Sprite.cpp" />
    <ClCompile Include="engine\2d\SpriteCommon.cpp" />
    <ClCompile Include="engine\utility\StringUtility.cpp" />
    <ClCompile Include="engine\2d\TextureManager.cpp" />
    <ClCompile Include="engine\base\WinApp.cpp" />
    <ClCompile Include="engine\3d\Object3dCommon.cpp" />
    <ClCompile Include="engine\3d\Object3d.cpp" />
    <ClCompile Include="engine\3d\Model.cpp" />
    <ClCompile Include="engine\3d\ModelCommon.cpp" />
    <ClCompile Include="engine\3d\ModelManager.cpp" />
    <ClCompile Include="engine\3d\Camera.cpp" />
    <ClCompile Include="engine\3d\SrvManager.cpp" />
    <ClCompile Include="engine\3d\ParticleCommon.cpp" />
    <ClCompile Include="engine\3d\ParticleManager.cpp" />
    <ClCompile Include="engine\3d\ParticleEmitter.cpp" />
    <ClCompile Include="engine\math\Matrix4x4.cpp" />
    <ClCompile Include="engine\base\ImGuiManager.cpp" />
    <ClCompile Include="engine\Audio\Audio.cpp" />
    <ClCompile Include="Game.cpp" />
  </ItemGroup>
  <ItemGroup>
    <ClInclude Include="engine\base\D3DResourceLeadChecker.h" />
    <ClInclude Include="engine\base\DirectXCommon.h" />
    <ClInclude Include="engine\io\Input.h" />
    <ClInclude Include="engine\utility\Logger.h" />
    <ClInclude Include="engine\math\Math.h" />
    <ClInclude Include="engine\2d\Sprite.h" />
    <ClInclude Include="engine\2d\SpriteCommon.h" />
    <ClInclude Include="engine\utility\StringUtility.h" />
    <ClInclude Include="engine\2d\TextureManager.h" />
    <ClInclude Include="engine\math\Transform.h" />
    <ClInclude Include="Vector\Vector2.h" />
    <ClInclude Include="Vector\Vector3.h" />
    <ClInclude Include="Vector\Vector4.h" />
    <ClInclude Include="engine\base\WinApp.h" />
    <ClInclude Include="engine\3d\Object3dCommon.h" />
    <ClInclude Include="engine\3d\Object3d.h" />
    <ClInclude Include="engine\3d\Model.h" />
    <ClInclude Include="engine\3d\ModelCommon.h" />
    <ClInclude Include="engine\3d\ModelManager.h" />
    <ClInclude Include="engine\3d\Camera.h" />
    <ClInclude Include="engine\3d\SrvManager.h" />
    <ClInclude Include="engine\3d\ParticleCommon.h" />
    <ClInclude Include="engine\3d\ParticleManager.h" />
    <ClInclude Include="engine\3d\ParticleEmitter.h" />
    <ClInclude Include="engine\math\Matrix3x3.h" />
    <ClInclude Include="engine\math\Matrix4x4.h" />
    <ClInclude Include="engine\math\Vector2.h" />
    <ClInclude Include="engine\math\Vector3.h" />
    <ClInclude Include="engine\math\Vector4.h" />
    <ClInclude Include="engine\base\ImGuiManager.h" />
    <ClInclude Include="engine\Audio\Audio.h" />
    <ClInclude Include="Game.h" />
  </ItemGroup>
  <ItemGroup>
    <None Include=".editorconfig" />
    <None Include="resources\shaders\Object3D.hlsli" />
    <None Include="resources\shaders\Particle.hlsli" />
  </ItemGroup>
</Project>